
Microsoft Visual Studio Solution File, Format Version 9.00
# Visual C++ Express 2005
Project("{8BC9CEB8-8B4A-11D0-8D11-00A0C91BC942}") = "reevengi", "..\src\reevengi.vcproj", "{BB1D5BC0-C1C6-44C1-832D-C7A9743CF58D}"
	ProjectSection(ProjectDependencies) = postProject
		{85C002E5-FBF9-440B-BCF2-B4A09EB82BA0} = {85C002E5-FBF9-440B-BCF2-B4A09EB82BA0}
		{44BB3F8E-3FED-4743-8F3A-E5E9EF32059B} = {44BB3F8E-3FED-4743-8F3A-E5E9EF32059B}
		{9FBEDE74-BBE1-4AD1-A5E9-0544EC56729E} = {9FBEDE74-BBE1-4AD1-A5E9-0544EC56729E}
		{806CCC6A-D7CF-4565-9680-D8777F1A1F5E} = {806CCC6A-D7CF-4565-9680-D8777F1A1F5E}
		{54566049-13F3-4854-AA2E-3DFF5C79E15C} = {54566049-13F3-4854-AA2E-3DFF5C79E15C}
		{9DF3E632-7CFA-453D-9C9F-1DEA9FFEF345} = {9DF3E632-7CFA-453D-9C9F-1DEA9FFEF345}
		{69670501-8C8C-4D14-9AAD-EBDE2C44E086} = {69670501-8C8C-4D14-9AAD-EBDE2C44E086}
	EndProjectSection
EndProject
Project("{8BC9CEB8-8B4A-11D0-8D11-00A0C91BC942}") = "libg_common", "..\src\g_common\libg_common.vcproj", "{69670501-8C8C-4D14-9AAD-EBDE2C44E086}"
EndProject
Project("{8BC9CEB8-8B4A-11D0-8D11-00A0C91BC942}") = "libg_re1", "..\src\g_re1\libg_re1.vcproj", "{806CCC6A-D7CF-4565-9680-D8777F1A1F5E}"
EndProject
Project("{8BC9CEB8-8B4A-11D0-8D11-00A0C91BC942}") = "libg_re2", "..\src\g_re2\libg_re2.vcproj", "{9FBEDE74-BBE1-4AD1-A5E9-0544EC56729E}"
EndProject
Project("{8BC9CEB8-8B4A-11D0-8D11-00A0C91BC942}") = "libg_re3", "..\src\g_re3\libg_re3.vcproj", "{44BB3F8E-3FED-4743-8F3A-E5E9EF32059B}"
EndProject
Project("{8BC9CEB8-8B4A-11D0-8D11-00A0C91BC942}") = "libr_common", "..\src\r_common\libr_common.vcproj", "{85C002E5-FBF9-440B-BCF2-B4A09EB82BA0}"
EndProject
Project("{8BC9CEB8-8B4A-11D0-8D11-00A0C91BC942}") = "libr_soft", "..\src\r_soft\libr_soft.vcproj", "{9DF3E632-7CFA-453D-9C9F-1DEA9FFEF345}"
EndProject
Project("{8BC9CEB8-8B4A-11D0-8D11-00A0C91BC942}") = "libr_opengl", "..\src\r_opengl\libr_opengl.vcproj", "{54566049-13F3-4854-AA2E-3DFF5C79E15C}"
EndProject
Project("{8BC9CEB8-8B4A-11D0-8D11-00A0C91BC942}") = "xml2scd", "..\extra\xml2scd.vcproj", "{50FB6294-24B2-4DA5-A0A7-E294BE5E1819}"
EndProject
Project("{8BC9CEB8-8B4A-11D0-8D11-00A0C91BC942}") = "xml_libg_re1", "..\src\g_re1\xml_libg_re1.vcproj", "{EFBDDB84-0128-4F86-8539-3784B655E4ED}"
	ProjectSection(ProjectDependencies) = postProject
		{50FB6294-24B2-4DA5-A0A7-E294BE5E1819} = {50FB6294-24B2-4DA5-A0A7-E294BE5E1819}
	EndProjectSection
EndProject
Project("{8BC9CEB8-8B4A-11D0-8D11-00A0C91BC942}") = "xml_libg_re2", "..\src\g_re2\xml_libg_re2.vcproj", "{A3FEF902-9894-4DCA-AFE5-F59F94426E5A}"
	ProjectSection(ProjectDependencies) = postProject
		{50FB6294-24B2-4DA5-A0A7-E294BE5E1819} = {50FB6294-24B2-4DA5-A0A7-E294BE5E1819}
	EndProjectSection
EndProject
Project("{8BC9CEB8-8B4A-11D0-8D11-00A0C91BC942}") = "xml_libg_re3", "..\src\g_re3\xml_libg_re3.vcproj", "{54E1EFC2-1EE5-44E7-B5AA-FD86B28B77A8}"
	ProjectSection(ProjectDependencies) = postProject
		{50FB6294-24B2-4DA5-A0A7-E294BE5E1819} = {50FB6294-24B2-4DA5-A0A7-E294BE5E1819}
	EndProjectSection
EndProject
Global
	GlobalSection(SolutionConfigurationPlatforms) = preSolution
		Debug|Win32 = Debug|Win32
		Debug-ffmpeg|Win32 = Debug-ffmpeg|Win32
		Release|Win32 = Release|Win32
		Release-ffmpeg|Win32 = Release-ffmpeg|Win32
	EndGlobalSection
	GlobalSection(ProjectConfigurationPlatforms) = postSolution
		{BB1D5BC0-C1C6-44C1-832D-C7A9743CF58D}.Debug|Win32.ActiveCfg = Debug|Win32
		{BB1D5BC0-C1C6-44C1-832D-C7A9743CF58D}.Debug|Win32.Build.0 = Debug|Win32
		{BB1D5BC0-C1C6-44C1-832D-C7A9743CF58D}.Debug-ffmpeg|Win32.ActiveCfg = Debug-ffmpeg|Win32
		{BB1D5BC0-C1C6-44C1-832D-C7A9743CF58D}.Debug-ffmpeg|Win32.Build.0 = Debug-ffmpeg|Win32
		{BB1D5BC0-C1C6-44C1-832D-C7A9743CF58D}.Release|Win32.ActiveCfg = Release|Win32
		{BB1D5BC0-C1C6-44C1-832D-C7A9743CF58D}.Release|Win32.Build.0 = Release|Win32
		{BB1D5BC0-C1C6-44C1-832D-C7A9743CF58D}.Release-ffmpeg|Win32.ActiveCfg = Release-ffmpeg|Win32
		{BB1D5BC0-C1C6-44C1-832D-C7A9743CF58D}.Release-ffmpeg|Win32.Build.0 = Release-ffmpeg|Win32
		{69670501-8C8C-4D14-9AAD-EBDE2C44E086}.Debug|Win32.ActiveCfg = Debug|Win32
		{69670501-8C8C-4D14-9AAD-EBDE2C44E086}.Debug|Win32.Build.0 = Debug|Win32
		{69670501-8C8C-4D14-9AAD-EBDE2C44E086}.Debug-ffmpeg|Win32.ActiveCfg = Debug|Win32
		{69670501-8C8C-4D14-9AAD-EBDE2C44E086}.Debug-ffmpeg|Win32.Build.0 = Debug|Win32
		{69670501-8C8C-4D14-9AAD-EBDE2C44E086}.Release|Win32.ActiveCfg = Release|Win32
		{69670501-8C8C-4D14-9AAD-EBDE2C44E086}.Release|Win32.Build.0 = Release|Win32
		{69670501-8C8C-4D14-9AAD-EBDE2C44E086}.Release-ffmpeg|Win32.ActiveCfg = Release|Win32
		{69670501-8C8C-4D14-9AAD-EBDE2C44E086}.Release-ffmpeg|Win32.Build.0 = Release|Win32
		{806CCC6A-D7CF-4565-9680-D8777F1A1F5E}.Debug|Win32.ActiveCfg = Debug|Win32
		{806CCC6A-D7CF-4565-9680-D8777F1A1F5E}.Debug|Win32.Build.0 = Debug|Win32
		{806CCC6A-D7CF-4565-9680-D8777F1A1F5E}.Debug-ffmpeg|Win32.ActiveCfg = Debug|Win32
		{806CCC6A-D7CF-4565-9680-D8777F1A1F5E}.Debug-ffmpeg|Win32.Build.0 = Debug|Win32
		{806CCC6A-D7CF-4565-9680-D8777F1A1F5E}.Release|Win32.ActiveCfg = Release|Win32
		{806CCC6A-D7CF-4565-9680-D8777F1A1F5E}.Release|Win32.Build.0 = Release|Win32
		{806CCC6A-D7CF-4565-9680-D8777F1A1F5E}.Release-ffmpeg|Win32.ActiveCfg = Release|Win32
		{806CCC6A-D7CF-4565-9680-D8777F1A1F5E}.Release-ffmpeg|Win32.Build.0 = Release|Win32
		{9FBEDE74-BBE1-4AD1-A5E9-0544EC56729E}.Debug|Win32.ActiveCfg = Debug|Win32
		{9FBEDE74-BBE1-4AD1-A5E9-0544EC56729E}.Debug|Win32.Build.0 = Debug|Win32
		{9FBEDE74-BBE1-4AD1-A5E9-0544EC56729E}.Debug-ffmpeg|Win32.ActiveCfg = Debug|Win32
		{9FBEDE74-BBE1-4AD1-A5E9-0544EC56729E}.Debug-ffmpeg|Win32.Build.0 = Debug|Win32
		{9FBEDE74-BBE1-4AD1-A5E9-0544EC56729E}.Release|Win32.ActiveCfg = Release|Win32
		{9FBEDE74-BBE1-4AD1-A5E9-0544EC56729E}.Release|Win32.Build.0 = Release|Win32
		{9FBEDE74-BBE1-4AD1-A5E9-0544EC56729E}.Release-ffmpeg|Win32.ActiveCfg = Release|Win32
		{9FBEDE74-BBE1-4AD1-A5E9-0544EC56729E}.Release-ffmpeg|Win32.Build.0 = Release|Win32
		{44BB3F8E-3FED-4743-8F3A-E5E9EF32059B}.Debug|Win32.ActiveCfg = Debug|Win32
		{44BB3F8E-3FED-4743-8F3A-E5E9EF32059B}.Debug|Win32.Build.0 = Debug|Win32
		{44BB3F8E-3FED-4743-8F3A-E5E9EF32059B}.Debug-ffmpeg|Win32.ActiveCfg = Debug|Win32
		{44BB3F8E-3FED-4743-8F3A-E5E9EF32059B}.Debug-ffmpeg|Win32.Build.0 = Debug|Win32
		{44BB3F8E-3FED-4743-8F3A-E5E9EF32059B}.Release|Win32.ActiveCfg = Release|Win32
		{44BB3F8E-3FED-4743-8F3A-E5E9EF32059B}.Release|Win32.Build.0 = Release|Win32
		{44BB3F8E-3FED-4743-8F3A-E5E9EF32059B}.Release-ffmpeg|Win32.ActiveCfg = Release|Win32
		{44BB3F8E-3FED-4743-8F3A-E5E9EF32059B}.Release-ffmpeg|Win32.Build.0 = Release|Win32
		{85C002E5-FBF9-440B-BCF2-B4A09EB82BA0}.Debug|Win32.ActiveCfg = Debug|Win32
		{85C002E5-FBF9-440B-BCF2-B4A09EB82BA0}.Debug|Win32.Build.0 = Debug|Win32
		{85C002E5-FBF9-440B-BCF2-B4A09EB82BA0}.Debug-ffmpeg|Win32.ActiveCfg = Debug|Win32
		{85C002E5-FBF9-440B-BCF2-B4A09EB82BA0}.Debug-ffmpeg|Win32.Build.0 = Debug|Win32
		{85C002E5-FBF9-440B-BCF2-B4A09EB82BA0}.Release|Win32.ActiveCfg = Release|Win32
		{85C002E5-FBF9-440B-BCF2-B4A09EB82BA0}.Release|Win32.Build.0 = Release|Win32
		{85C002E5-FBF9-440B-BCF2-B4A09EB82BA0}.Release-ffmpeg|Win32.ActiveCfg = Release|Win32
		{85C002E5-FBF9-440B-BCF2-B4A09EB82BA0}.Release-ffmpeg|Win32.Build.0 = Release|Win32
		{9DF3E632-7CFA-453D-9C9F-1DEA9FFEF345}.Debug|Win32.ActiveCfg = Debug|Win32
		{9DF3E632-7CFA-453D-9C9F-1DEA9FFEF345}.Debug|Win32.Build.0 = Debug|Win32
		{9DF3E632-7CFA-453D-9C9F-1DEA9FFEF345}.Debug-ffmpeg|Win32.ActiveCfg = Debug|Win32
		{9DF3E632-7CFA-453D-9C9F-1DEA9FFEF345}.Debug-ffmpeg|Win32.Build.0 = Debug|Win32
		{9DF3E632-7CFA-453D-9C9F-1DEA9FFEF345}.Release|Win32.ActiveCfg = Release|Win32
		{9DF3E632-7CFA-453D-9C9F-1DEA9FFEF345}.Release|Win32.Build.0 = Release|Win32
		{9DF3E632-7CFA-453D-9C9F-1DEA9FFEF345}.Release-ffmpeg|Win32.ActiveCfg = Release|Win32
		{9DF3E632-7CFA-453D-9C9F-1DEA9FFEF345}.Release-ffmpeg|Win32.Build.0 = Release|Win32
		{54566049-13F3-4854-AA2E-3DFF5C79E15C}.Debug|Win32.ActiveCfg = Debug|Win32
		{54566049-13F3-4854-AA2E-3DFF5C79E15C}.Debug|Win32.Build.0 = Debug|Win32
		{54566049-13F3-4854-AA2E-3DFF5C79E15C}.Debug-ffmpeg|Win32.ActiveCfg = Debug|Win32
		{54566049-13F3-4854-AA2E-3DFF5C79E15C}.Debug-ffmpeg|Win32.Build.0 = Debug|Win32
		{54566049-13F3-4854-AA2E-3DFF5C79E15C}.Release|Win32.ActiveCfg = Release|Win32
		{54566049-13F3-4854-AA2E-3DFF5C79E15C}.Release|Win32.Build.0 = Release|Win32
		{54566049-13F3-4854-AA2E-3DFF5C79E15C}.Release-ffmpeg|Win32.ActiveCfg = Release|Win32
		{54566049-13F3-4854-AA2E-3DFF5C79E15C}.Release-ffmpeg|Win32.Build.0 = Release|Win32
		{50FB6294-24B2-4DA5-A0A7-E294BE5E1819}.Debug|Win32.ActiveCfg = Debug|Win32
		{50FB6294-24B2-4DA5-A0A7-E294BE5E1819}.Debug|Win32.Build.0 = Debug|Win32
		{50FB6294-24B2-4DA5-A0A7-E294BE5E1819}.Debug-ffmpeg|Win32.ActiveCfg = Debug|Win32
		{50FB6294-24B2-4DA5-A0A7-E294BE5E1819}.Debug-ffmpeg|Win32.Build.0 = Debug|Win32
		{50FB6294-24B2-4DA5-A0A7-E294BE5E1819}.Release|Win32.ActiveCfg = Release|Win32
		{50FB6294-24B2-4DA5-A0A7-E294BE5E1819}.Release|Win32.Build.0 = Release|Win32
		{50FB6294-24B2-4DA5-A0A7-E294BE5E1819}.Release-ffmpeg|Win32.ActiveCfg = Release|Win32
		{50FB6294-24B2-4DA5-A0A7-E294BE5E1819}.Release-ffmpeg|Win32.Build.0 = Release|Win32
		{EFBDDB84-0128-4F86-8539-3784B655E4ED}.Debug|Win32.ActiveCfg = Debug|Win32
		{EFBDDB84-0128-4F86-8539-3784B655E4ED}.Debug|Win32.Build.0 = Debug|Win32
		{EFBDDB84-0128-4F86-8539-3784B655E4ED}.Debug-ffmpeg|Win32.ActiveCfg = Debug|Win32
		{EFBDDB84-0128-4F86-8539-3784B655E4ED}.Debug-ffmpeg|Win32.Build.0 = Debug|Win32
		{EFBDDB84-0128-4F86-8539-3784B655E4ED}.Release|Win32.ActiveCfg = Release|Win32
		{EFBDDB84-0128-4F86-8539-3784B655E4ED}.Release|Win32.Build.0 = Release|Win32
		{EFBDDB84-0128-4F86-8539-3784B655E4ED}.Release-ffmpeg|Win32.ActiveCfg = Release|Win32
		{EFBDDB84-0128-4F86-8539-3784B655E4ED}.Release-ffmpeg|Win32.Build.0 = Release|Win32
		{A3FEF902-9894-4DCA-AFE5-F59F94426E5A}.Debug|Win32.ActiveCfg = Debug|Win32
		{A3FEF902-9894-4DCA-AFE5-F59F94426E5A}.Debug|Win32.Build.0 = Debug|Win32
		{A3FEF902-9894-4DCA-AFE5-F59F94426E5A}.Debug-ffmpeg|Win32.ActiveCfg = Debug|Win32
		{A3FEF902-9894-4DCA-AFE5-F59F94426E5A}.Debug-ffmpeg|Win32.Build.0 = Debug|Win32
		{A3FEF902-9894-4DCA-AFE5-F59F94426E5A}.Release|Win32.ActiveCfg = Release|Win32
		{A3FEF902-9894-4DCA-AFE5-F59F94426E5A}.Release|Win32.Build.0 = Release|Win32
		{A3FEF902-9894-4DCA-AFE5-F59F94426E5A}.Release-ffmpeg|Win32.ActiveCfg = Release|Win32
		{A3FEF902-9894-4DCA-AFE5-F59F94426E5A}.Release-ffmpeg|Win32.Build.0 = Release|Win32
		{54E1EFC2-1EE5-44E7-B5AA-FD86B28B77A8}.Debug|Win32.ActiveCfg = Debug|Win32
		{54E1EFC2-1EE5-44E7-B5AA-FD86B28B77A8}.Debug|Win32.Build.0 = Debug|Win32
		{54E1EFC2-1EE5-44E7-B5AA-FD86B28B77A8}.Debug-ffmpeg|Win32.ActiveCfg = Debug|Win32
		{54E1EFC2-1EE5-44E7-B5AA-FD86B28B77A8}.Debug-ffmpeg|Win32.Build.0 = Debug|Win32
		{54E1EFC2-1EE5-44E7-B5AA-FD86B28B77A8}.Release|Win32.ActiveCfg = Release|Win32
		{54E1EFC2-1EE5-44E7-B5AA-FD86B28B77A8}.Release|Win32.Build.0 = Release|Win32
		{54E1EFC2-1EE5-44E7-B5AA-FD86B28B77A8}.Release-ffmpeg|Win32.ActiveCfg = Release|Win32
		{54E1EFC2-1EE5-44E7-B5AA-FD86B28B77A8}.Release-ffmpeg|Win32.Build.0 = Release|Win32
	EndGlobalSection
	GlobalSection(SolutionProperties) = preSolution
		HideSolutionNode = FALSE
	EndGlobalSection
EndGlobal
